// !$*UTF8*$!
{
	archiveVersion = 1;
	classes = {
	};
	objectVersion = 46;
	objects = {

/* Begin PBXBuildFile section */
		30E2F96B141CEBFC35C68BA4 /* Pods_Currency.framework in Frameworks */ = {isa = PBXBuildFile; fileRef = 6A5D48D6B0E55E17B2920E18 /* Pods_Currency.framework */; };
		EB90B42F1F57C63200521A03 /* AppDelegate.swift in Sources */ = {isa = PBXBuildFile; fileRef = EB90B42E1F57C63200521A03 /* AppDelegate.swift */; };
		EB90B4311F57C63200521A03 /* ViewController.swift in Sources */ = {isa = PBXBuildFile; fileRef = EB90B4301F57C63200521A03 /* ViewController.swift */; };
		EB90B4341F57C63200521A03 /* Main.storyboard in Resources */ = {isa = PBXBuildFile; fileRef = EB90B4321F57C63200521A03 /* Main.storyboard */; };
		EB90B4361F57C63200521A03 /* Assets.xcassets in Resources */ = {isa = PBXBuildFile; fileRef = EB90B4351F57C63200521A03 /* Assets.xcassets */; };
		EB90B4391F57C63200521A03 /* LaunchScreen.storyboard in Resources */ = {isa = PBXBuildFile; fileRef = EB90B4371F57C63200521A03 /* LaunchScreen.storyboard */; };
		EB90B4461F57C94600521A03 /* CountryData.plist in Resources */ = {isa = PBXBuildFile; fileRef = EB90B4451F57C94600521A03 /* CountryData.plist */; };
		EB90B45E1F57CB3500521A03 /* AppDependencies.swift in Sources */ = {isa = PBXBuildFile; fileRef = EB90B45D1F57CB3500521A03 /* AppDependencies.swift */; };
		EB90B4611F57CBDD00521A03 /* PacmanAnimator.swift in Sources */ = {isa = PBXBuildFile; fileRef = EB90B4601F57CBDD00521A03 /* PacmanAnimator.swift */; };
		EB90B4631F57D06900521A03 /* RootWireframe.swift in Sources */ = {isa = PBXBuildFile; fileRef = EB90B4621F57D06900521A03 /* RootWireframe.swift */; };
		EB90B4671F57D21F00521A03 /* ConverterAPIDataManager.swift in Sources */ = {isa = PBXBuildFile; fileRef = EB90B4661F57D21F00521A03 /* ConverterAPIDataManager.swift */; };
		EB90B4691F57D35500521A03 /* ConverterProtocols.swift in Sources */ = {isa = PBXBuildFile; fileRef = EB90B4681F57D35500521A03 /* ConverterProtocols.swift */; };
/* End PBXBuildFile section */

/* Begin PBXFileReference section */
		6A5D48D6B0E55E17B2920E18 /* Pods_Currency.framework */ = {isa = PBXFileReference; explicitFileType = wrapper.framework; includeInIndex = 0; path = Pods_Currency.framework; sourceTree = BUILT_PRODUCTS_DIR; };
		89F646CC1274A56E3B3084C4 /* Pods-Currency.debug.xcconfig */ = {isa = PBXFileReference; includeInIndex = 1; lastKnownFileType = text.xcconfig; name = "Pods-Currency.debug.xcconfig"; path = "Pods/Target Support Files/Pods-Currency/Pods-Currency.debug.xcconfig"; sourceTree = "<group>"; };
		C97AB159E78161236A769D8F /* Pods-Currency.release.xcconfig */ = {isa = PBXFileReference; includeInIndex = 1; lastKnownFileType = text.xcconfig; name = "Pods-Currency.release.xcconfig"; path = "Pods/Target Support Files/Pods-Currency/Pods-Currency.release.xcconfig"; sourceTree = "<group>"; };
		EB90B42B1F57C63200521A03 /* Currency.app */ = {isa = PBXFileReference; explicitFileType = wrapper.application; includeInIndex = 0; path = Currency.app; sourceTree = BUILT_PRODUCTS_DIR; };
		EB90B42E1F57C63200521A03 /* AppDelegate.swift */ = {isa = PBXFileReference; lastKnownFileType = sourcecode.swift; path = AppDelegate.swift; sourceTree = "<group>"; };
		EB90B4301F57C63200521A03 /* ViewController.swift */ = {isa = PBXFileReference; lastKnownFileType = sourcecode.swift; path = ViewController.swift; sourceTree = "<group>"; };
		EB90B4331F57C63200521A03 /* Base */ = {isa = PBXFileReference; lastKnownFileType = file.storyboard; name = Base; path = Base.lproj/Main.storyboard; sourceTree = "<group>"; };
		EB90B4351F57C63200521A03 /* Assets.xcassets */ = {isa = PBXFileReference; lastKnownFileType = folder.assetcatalog; path = Assets.xcassets; sourceTree = "<group>"; };
		EB90B4381F57C63200521A03 /* Base */ = {isa = PBXFileReference; lastKnownFileType = file.storyboard; name = Base; path = Base.lproj/LaunchScreen.storyboard; sourceTree = "<group>"; };
		EB90B43A1F57C63200521A03 /* Info.plist */ = {isa = PBXFileReference; lastKnownFileType = text.plist.xml; path = Info.plist; sourceTree = "<group>"; };
		EB90B4451F57C94600521A03 /* CountryData.plist */ = {isa = PBXFileReference; fileEncoding = 4; lastKnownFileType = text.plist.xml; path = CountryData.plist; sourceTree = "<group>"; };
		EB90B4471F57C9B800521A03 /* Currency-Bridging-Header.h */ = {isa = PBXFileReference; lastKnownFileType = sourcecode.c.h; path = "Currency-Bridging-Header.h"; sourceTree = "<group>"; };
		EB90B45D1F57CB3500521A03 /* AppDependencies.swift */ = {isa = PBXFileReference; fileEncoding = 4; lastKnownFileType = sourcecode.swift; path = AppDependencies.swift; sourceTree = "<group>"; };
		EB90B4601F57CBDD00521A03 /* PacmanAnimator.swift */ = {isa = PBXFileReference; fileEncoding = 4; lastKnownFileType = sourcecode.swift; path = PacmanAnimator.swift; sourceTree = "<group>"; };
		EB90B4621F57D06900521A03 /* RootWireframe.swift */ = {isa = PBXFileReference; fileEncoding = 4; lastKnownFileType = sourcecode.swift; path = RootWireframe.swift; sourceTree = "<group>"; };
		EB90B4661F57D21F00521A03 /* ConverterAPIDataManager.swift */ = {isa = PBXFileReference; fileEncoding = 4; lastKnownFileType = sourcecode.swift; path = ConverterAPIDataManager.swift; sourceTree = "<group>"; };
		EB90B4681F57D35500521A03 /* ConverterProtocols.swift */ = {isa = PBXFileReference; fileEncoding = 4; lastKnownFileType = sourcecode.swift; path = ConverterProtocols.swift; sourceTree = "<group>"; };
/* End PBXFileReference section */

/* Begin PBXFrameworksBuildPhase section */
		EB90B4281F57C63200521A03 /* Frameworks */ = {
			isa = PBXFrameworksBuildPhase;
			buildActionMask = 2147483647;
			files = (
				30E2F96B141CEBFC35C68BA4 /* Pods_Currency.framework in Frameworks */,
			);
			runOnlyForDeploymentPostprocessing = 0;
		};
/* End PBXFrameworksBuildPhase section */

/* Begin PBXGroup section */
		44141403F7CED818F0B47E5C /* Pods */ = {
			isa = PBXGroup;
			children = (
				89F646CC1274A56E3B3084C4 /* Pods-Currency.debug.xcconfig */,
				C97AB159E78161236A769D8F /* Pods-Currency.release.xcconfig */,
			);
			name = Pods;
			sourceTree = "<group>";
		};
		605218070E24B7181AACF9F2 /* Frameworks */ = {
			isa = PBXGroup;
			children = (
				6A5D48D6B0E55E17B2920E18 /* Pods_Currency.framework */,
			);
			name = Frameworks;
			sourceTree = "<group>";
		};
		EB90B4221F57C63200521A03 = {
			isa = PBXGroup;
			children = (
				EB90B42D1F57C63200521A03 /* Currency */,
				EB90B42C1F57C63200521A03 /* Products */,
				44141403F7CED818F0B47E5C /* Pods */,
				605218070E24B7181AACF9F2 /* Frameworks */,
			);
			sourceTree = "<group>";
		};
		EB90B42C1F57C63200521A03 /* Products */ = {
			isa = PBXGroup;
			children = (
				EB90B42B1F57C63200521A03 /* Currency.app */,
			);
			name = Products;
			sourceTree = "<group>";
		};
		EB90B42D1F57C63200521A03 /* Currency */ = {
			isa = PBXGroup;
			children = (
				EB90B4401F57C8D400521A03 /* Classes */,
				EB90B4411F57C8E000521A03 /* SupportedFiles */,
				EB90B4321F57C63200521A03 /* Main.storyboard */,
				EB90B4371F57C63200521A03 /* LaunchScreen.storyboard */,
				EB90B4421F57C8FE00521A03 /* Resources */,
			);
			path = Currency;
			sourceTree = "<group>";
		};
		EB90B4401F57C8D400521A03 /* Classes */ = {
			isa = PBXGroup;
			children = (
				EB90B4301F57C63200521A03 /* ViewController.swift */,
				EB90B42E1F57C63200521A03 /* AppDelegate.swift */,
				EB90B45D1F57CB3500521A03 /* AppDependencies.swift */,
				EB90B4481F57C9EE00521A03 /* Common */,
				EB90B4491F57C9F400521A03 /* Modules */,
			);
			name = Classes;
			sourceTree = "<group>";
		};
		EB90B4411F57C8E000521A03 /* SupportedFiles */ = {
			isa = PBXGroup;
			children = (
				EB90B43A1F57C63200521A03 /* Info.plist */,
				EB90B4471F57C9B800521A03 /* Currency-Bridging-Header.h */,
			);
			name = SupportedFiles;
			sourceTree = "<group>";
		};
		EB90B4421F57C8FE00521A03 /* Resources */ = {
			isa = PBXGroup;
			children = (
				EB90B4351F57C63200521A03 /* Assets.xcassets */,
				EB90B4451F57C94600521A03 /* CountryData.plist */,
				EB90B4441F57C91A00521A03 /* images */,
				EB90B4431F57C91300521A03 /* font */,
			);
			name = Resources;
			sourceTree = "<group>";
		};
		EB90B4431F57C91300521A03 /* font */ = {
			isa = PBXGroup;
			children = (
			);
			name = font;
			sourceTree = "<group>";
		};
		EB90B4441F57C91A00521A03 /* images */ = {
			isa = PBXGroup;
			children = (
			);
			name = images;
			sourceTree = "<group>";
		};
		EB90B4481F57C9EE00521A03 /* Common */ = {
			isa = PBXGroup;
			children = (
				EB90B4501F57CA6000521A03 /* Categories */,
				EB90B44F1F57CA5400521A03 /* Model */,
				EB90B44E1F57CA4C00521A03 /* Store */,
				EB90B44D1F57CA4100521A03 /* ThirdParty */,
				EB90B44C1F57CA3B00521A03 /* View */,
			);
			name = Common;
			sourceTree = "<group>";
		};
		EB90B4491F57C9F400521A03 /* Modules */ = {
			isa = PBXGroup;
			children = (
				EB90B44A1F57CA1500521A03 /* Converter */,
				EB90B44B1F57CA2300521A03 /* CurrencyList */,
			);
			name = Modules;
			sourceTree = "<group>";
		};
		EB90B44A1F57CA1500521A03 /* Converter */ = {
			isa = PBXGroup;
			children = (
				EB90B4561F57CAA700521A03 /* DataManager */,
				EB90B4551F57CA9D00521A03 /* Interactor */,
				EB90B4541F57CA9500521A03 /* Presenter */,
				EB90B4531F57CA8400521A03 /* Protocols */,
				EB90B4521F57CA7E00521A03 /* View */,
				EB90B4511F57CA7100521A03 /* WireFrame */,
			);
			name = Converter;
			sourceTree = "<group>";
		};
		EB90B44B1F57CA2300521A03 /* CurrencyList */ = {
			isa = PBXGroup;
			children = (
				EB90B45C1F57CAD800521A03 /* DataManager */,
				EB90B45B1F57CACF00521A03 /* Interactor */,
				EB90B45A1F57CAC700521A03 /* Presenter */,
				EB90B4591F57CABF00521A03 /* Protocols */,
				EB90B4581F57CABA00521A03 /* View */,
				EB90B4571F57CAB200521A03 /* WireFrame */,
			);
			name = CurrencyList;
			sourceTree = "<group>";
		};
		EB90B44C1F57CA3B00521A03 /* View */ = {
			isa = PBXGroup;
			children = (
				EB90B4621F57D06900521A03 /* RootWireframe.swift */,
			);
			name = View;
			sourceTree = "<group>";
		};
		EB90B44D1F57CA4100521A03 /* ThirdParty */ = {
			isa = PBXGroup;
			children = (
				EB90B4601F57CBDD00521A03 /* PacmanAnimator.swift */,
			);
			name = ThirdParty;
			sourceTree = "<group>";
		};
		EB90B44E1F57CA4C00521A03 /* Store */ = {
			isa = PBXGroup;
			children = (
			);
			name = Store;
			sourceTree = "<group>";
		};
		EB90B44F1F57CA5400521A03 /* Model */ = {
			isa = PBXGroup;
			children = (
			);
			name = Model;
			sourceTree = "<group>";
		};
		EB90B4501F57CA6000521A03 /* Categories */ = {
			isa = PBXGroup;
			children = (
			);
			name = Categories;
			sourceTree = "<group>";
		};
		EB90B4511F57CA7100521A03 /* WireFrame */ = {
			isa = PBXGroup;
			children = (
			);
			name = WireFrame;
			sourceTree = "<group>";
		};
		EB90B4521F57CA7E00521A03 /* View */ = {
			isa = PBXGroup;
			children = (
			);
			name = View;
			sourceTree = "<group>";
		};
		EB90B4531F57CA8400521A03 /* Protocols */ = {
			isa = PBXGroup;
			children = (
				EB90B4681F57D35500521A03 /* ConverterProtocols.swift */,
			);
			name = Protocols;
			sourceTree = "<group>";
		};
		EB90B4541F57CA9500521A03 /* Presenter */ = {
			isa = PBXGroup;
			children = (
			);
			name = Presenter;
			sourceTree = "<group>";
		};
		EB90B4551F57CA9D00521A03 /* Interactor */ = {
			isa = PBXGroup;
			children = (
			);
			name = Interactor;
			sourceTree = "<group>";
		};
		EB90B4561F57CAA700521A03 /* DataManager */ = {
			isa = PBXGroup;
			children = (
				EB90B4651F57D1FB00521A03 /* API */,
				EB90B4641F57D1F300521A03 /* Local */,
			);
			name = DataManager;
			sourceTree = "<group>";
		};
		EB90B4571F57CAB200521A03 /* WireFrame */ = {
			isa = PBXGroup;
			children = (
			);
			name = WireFrame;
			sourceTree = "<group>";
		};
		EB90B4581F57CABA00521A03 /* View */ = {
			isa = PBXGroup;
			children = (
			);
			name = View;
			sourceTree = "<group>";
		};
		EB90B4591F57CABF00521A03 /* Protocols */ = {
			isa = PBXGroup;
			children = (
			);
			name = Protocols;
			sourceTree = "<group>";
		};
		EB90B45A1F57CAC700521A03 /* Presenter */ = {
			isa = PBXGroup;
			children = (
			);
			name = Presenter;
			sourceTree = "<group>";
		};
		EB90B45B1F57CACF00521A03 /* Interactor */ = {
			isa = PBXGroup;
			children = (
			);
			name = Interactor;
			sourceTree = "<group>";
		};
		EB90B45C1F57CAD800521A03 /* DataManager */ = {
			isa = PBXGroup;
			children = (
			);
			name = DataManager;
			sourceTree = "<group>";
		};
		EB90B4641F57D1F300521A03 /* Local */ = {
			isa = PBXGroup;
			children = (
			);
			name = Local;
			sourceTree = "<group>";
		};
		EB90B4651F57D1FB00521A03 /* API */ = {
			isa = PBXGroup;
			children = (
				EB90B4661F57D21F00521A03 /* ConverterAPIDataManager.swift */,
			);
			name = API;
			sourceTree = "<group>";
		};
/* End PBXGroup section */

/* Begin PBXNativeTarget section */
		EB90B42A1F57C63200521A03 /* Currency */ = {
			isa = PBXNativeTarget;
			buildConfigurationList = EB90B43D1F57C63200521A03 /* Build configuration list for PBXNativeTarget "Currency" */;
			buildPhases = (
				F74D2093456539D96EA6672A /* [CP] Check Pods Manifest.lock */,
				EB90B4271F57C63200521A03 /* Sources */,
				EB90B4281F57C63200521A03 /* Frameworks */,
				EB90B4291F57C63200521A03 /* Resources */,
				16506D527EBF9E5002CB89B3 /* [CP] Embed Pods Frameworks */,
				A4E26B27CB9C89278A5A162B /* [CP] Copy Pods Resources */,
			);
			buildRules = (
			);
			dependencies = (
			);
			name = Currency;
			productName = Currency;
			productReference = EB90B42B1F57C63200521A03 /* Currency.app */;
			productType = "com.apple.product-type.application";
		};
/* End PBXNativeTarget section */

/* Begin PBXProject section */
		EB90B4231F57C63200521A03 /* Project object */ = {
			isa = PBXProject;
			attributes = {
				LastSwiftUpdateCheck = 0830;
				LastUpgradeCheck = 0830;
				ORGANIZATIONNAME = CoderSchool;
				TargetAttributes = {
					EB90B42A1F57C63200521A03 = {
						CreatedOnToolsVersion = 8.3.3;
						DevelopmentTeam = M76TPV8892;
						ProvisioningStyle = Automatic;
					};
				};
			};
			buildConfigurationList = EB90B4261F57C63200521A03 /* Build configuration list for PBXProject "Currency" */;
			compatibilityVersion = "Xcode 3.2";
			developmentRegion = English;
			hasScannedForEncodings = 0;
			knownRegions = (
				en,
				Base,
			);
			mainGroup = EB90B4221F57C63200521A03;
			productRefGroup = EB90B42C1F57C63200521A03 /* Products */;
			projectDirPath = "";
			projectRoot = "";
			targets = (
				EB90B42A1F57C63200521A03 /* Currency */,
			);
		};
/* End PBXProject section */

/* Begin PBXResourcesBuildPhase section */
		EB90B4291F57C63200521A03 /* Resources */ = {
			isa = PBXResourcesBuildPhase;
			buildActionMask = 2147483647;
			files = (
				EB90B4391F57C63200521A03 /* LaunchScreen.storyboard in Resources */,
				EB90B4461F57C94600521A03 /* CountryData.plist in Resources */,
				EB90B4361F57C63200521A03 /* Assets.xcassets in Resources */,
				EB90B4341F57C63200521A03 /* Main.storyboard in Resources */,
			);
			runOnlyForDeploymentPostprocessing = 0;
		};
/* End PBXResourcesBuildPhase section */

/* Begin PBXShellScriptBuildPhase section */
		16506D527EBF9E5002CB89B3 /* [CP] Embed Pods Frameworks */ = {
			isa = PBXShellScriptBuildPhase;
			buildActionMask = 2147483647;
			files = (
			);
			inputPaths = (
			);
			name = "[CP] Embed Pods Frameworks";
			outputPaths = (
			);
			runOnlyForDeploymentPostprocessing = 0;
			shellPath = /bin/sh;
			shellScript = "\"${SRCROOT}/Pods/Target Support Files/Pods-Currency/Pods-Currency-frameworks.sh\"\n";
			showEnvVarsInLog = 0;
		};
		A4E26B27CB9C89278A5A162B /* [CP] Copy Pods Resources */ = {
			isa = PBXShellScriptBuildPhase;
			buildActionMask = 2147483647;
			files = (
			);
			inputPaths = (
			);
			name = "[CP] Copy Pods Resources";
			outputPaths = (
			);
			runOnlyForDeploymentPostprocessing = 0;
			shellPath = /bin/sh;
			shellScript = "\"${SRCROOT}/Pods/Target Support Files/Pods-Currency/Pods-Currency-resources.sh\"\n";
			showEnvVarsInLog = 0;
		};
		F74D2093456539D96EA6672A /* [CP] Check Pods Manifest.lock */ = {
			isa = PBXShellScriptBuildPhase;
			buildActionMask = 2147483647;
			files = (
			);
			inputPaths = (
			);
			name = "[CP] Check Pods Manifest.lock";
			outputPaths = (
			);
			runOnlyForDeploymentPostprocessing = 0;
			shellPath = /bin/sh;
			shellScript = "diff \"${PODS_PODFILE_DIR_PATH}/Podfile.lock\" \"${PODS_ROOT}/Manifest.lock\" > /dev/null\nif [ $? != 0 ] ; then\n    # print error to STDERR\n    echo \"error: The sandbox is not in sync with the Podfile.lock. Run 'pod install' or update your CocoaPods installation.\" >&2\n    exit 1\nfi\n";
			showEnvVarsInLog = 0;
		};
/* End PBXShellScriptBuildPhase section */

/* Begin PBXSourcesBuildPhase section */
		EB90B4271F57C63200521A03 /* Sources */ = {
			isa = PBXSourcesBuildPhase;
			buildActionMask = 2147483647;
			files = (
				EB90B4631F57D06900521A03 /* RootWireframe.swift in Sources */,
				EB90B4691F57D35500521A03 /* ConverterProtocols.swift in Sources */,
				EB90B45E1F57CB3500521A03 /* AppDependencies.swift in Sources */,
				EB90B4311F57C63200521A03 /* ViewController.swift in Sources */,
				EB90B4611F57CBDD00521A03 /* PacmanAnimator.swift in Sources */,
				EB90B42F1F57C63200521A03 /* AppDelegate.swift in Sources */,
				EB90B4671F57D21F00521A03 /* ConverterAPIDataManager.swift in Sources */,
			);
			runOnlyForDeploymentPostprocessing = 0;
		};
/* End PBXSourcesBuildPhase section */

/* Begin PBXVariantGroup section */
		EB90B4321F57C63200521A03 /* Main.storyboard */ = {
			isa = PBXVariantGroup;
			children = (
				EB90B4331F57C63200521A03 /* Base */,
			);
			name = Main.storyboard;
			sourceTree = "<group>";
		};
		EB90B4371F57C63200521A03 /* LaunchScreen.storyboard */ = {
			isa = PBXVariantGroup;
			children = (
				EB90B4381F57C63200521A03 /* Base */,
			);
			name = LaunchScreen.storyboard;
			sourceTree = "<group>";
		};
/* End PBXVariantGroup section */

/* Begin XCBuildConfiguration section */
		EB90B43B1F57C63200521A03 /* Debug */ = {
			isa = XCBuildConfiguration;
			buildSettings = {
				ALWAYS_SEARCH_USER_PATHS = NO;
				CLANG_ANALYZER_NONNULL = YES;
				CLANG_ANALYZER_NUMBER_OBJECT_CONVERSION = YES_AGGRESSIVE;
				CLANG_CXX_LANGUAGE_STANDARD = "gnu++0x";
				CLANG_CXX_LIBRARY = "libc++";
				CLANG_ENABLE_MODULES = YES;
				CLANG_ENABLE_OBJC_ARC = YES;
				CLANG_WARN_BOOL_CONVERSION = YES;
				CLANG_WARN_CONSTANT_CONVERSION = YES;
				CLANG_WARN_DIRECT_OBJC_ISA_USAGE = YES_ERROR;
				CLANG_WARN_DOCUMENTATION_COMMENTS = YES;
				CLANG_WARN_EMPTY_BODY = YES;
				CLANG_WARN_ENUM_CONVERSION = YES;
				CLANG_WARN_INFINITE_RECURSION = YES;
				CLANG_WARN_INT_CONVERSION = YES;
				CLANG_WARN_OBJC_ROOT_CLASS = YES_ERROR;
				CLANG_WARN_SUSPICIOUS_MOVE = YES;
				CLANG_WARN_UNREACHABLE_CODE = YES;
				CLANG_WARN__DUPLICATE_METHOD_MATCH = YES;
				"CODE_SIGN_IDENTITY[sdk=iphoneos*]" = "iPhone Developer";
				COPY_PHASE_STRIP = NO;
				DEBUG_INFORMATION_FORMAT = dwarf;
				ENABLE_STRICT_OBJC_MSGSEND = YES;
				ENABLE_TESTABILITY = YES;
				GCC_C_LANGUAGE_STANDARD = gnu99;
				GCC_DYNAMIC_NO_PIC = NO;
				GCC_NO_COMMON_BLOCKS = YES;
				GCC_OPTIMIZATION_LEVEL = 0;
				GCC_PREPROCESSOR_DEFINITIONS = (
					"DEBUG=1",
					"$(inherited)",
				);
				GCC_WARN_64_TO_32_BIT_CONVERSION = YES;
				GCC_WARN_ABOUT_RETURN_TYPE = YES_ERROR;
				GCC_WARN_UNDECLARED_SELECTOR = YES;
				GCC_WARN_UNINITIALIZED_AUTOS = YES_AGGRESSIVE;
				GCC_WARN_UNUSED_FUNCTION = YES;
				GCC_WARN_UNUSED_VARIABLE = YES;
				IPHONEOS_DEPLOYMENT_TARGET = 10.3;
				MTL_ENABLE_DEBUG_INFO = YES;
				ONLY_ACTIVE_ARCH = YES;
				SDKROOT = iphoneos;
				SWIFT_ACTIVE_COMPILATION_CONDITIONS = DEBUG;
				SWIFT_OPTIMIZATION_LEVEL = "-Onone";
			};
			name = Debug;
		};
		EB90B43C1F57C63200521A03 /* Release */ = {
			isa = XCBuildConfiguration;
			buildSettings = {
				ALWAYS_SEARCH_USER_PATHS = NO;
				CLANG_ANALYZER_NONNULL = YES;
				CLANG_ANALYZER_NUMBER_OBJECT_CONVERSION = YES_AGGRESSIVE;
				CLANG_CXX_LANGUAGE_STANDARD = "gnu++0x";
				CLANG_CXX_LIBRARY = "libc++";
				CLANG_ENABLE_MODULES = YES;
				CLANG_ENABLE_OBJC_ARC = YES;
				CLANG_WARN_BOOL_CONVERSION = YES;
				CLANG_WARN_CONSTANT_CONVERSION = YES;
				CLANG_WARN_DIRECT_OBJC_ISA_USAGE = YES_ERROR;
				CLANG_WARN_DOCUMENTATION_COMMENTS = YES;
				CLANG_WARN_EMPTY_BODY = YES;
				CLANG_WARN_ENUM_CONVERSION = YES;
				CLANG_WARN_INFINITE_RECURSION = YES;
				CLANG_WARN_INT_CONVERSION = YES;
				CLANG_WARN_OBJC_ROOT_CLASS = YES_ERROR;
				CLANG_WARN_SUSPICIOUS_MOVE = YES;
				CLANG_WARN_UNREACHABLE_CODE = YES;
				CLANG_WARN__DUPLICATE_METHOD_MATCH = YES;
				"CODE_SIGN_IDENTITY[sdk=iphoneos*]" = "iPhone Developer";
				COPY_PHASE_STRIP = NO;
				DEBUG_INFORMATION_FORMAT = "dwarf-with-dsym";
				ENABLE_NS_ASSERTIONS = NO;
				ENABLE_STRICT_OBJC_MSGSEND = YES;
				GCC_C_LANGUAGE_STANDARD = gnu99;
				GCC_NO_COMMON_BLOCKS = YES;
				GCC_WARN_64_TO_32_BIT_CONVERSION = YES;
				GCC_WARN_ABOUT_RETURN_TYPE = YES_ERROR;
				GCC_WARN_UNDECLARED_SELECTOR = YES;
				GCC_WARN_UNINITIALIZED_AUTOS = YES_AGGRESSIVE;
				GCC_WARN_UNUSED_FUNCTION = YES;
				GCC_WARN_UNUSED_VARIABLE = YES;
				IPHONEOS_DEPLOYMENT_TARGET = 10.3;
				MTL_ENABLE_DEBUG_INFO = NO;
				SDKROOT = iphoneos;
				SWIFT_OPTIMIZATION_LEVEL = "-Owholemodule";
				VALIDATE_PRODUCT = YES;
			};
			name = Release;
		};
		EB90B43E1F57C63200521A03 /* Debug */ = {
			isa = XCBuildConfiguration;
			baseConfigurationReference = 89F646CC1274A56E3B3084C4 /* Pods-Currency.debug.xcconfig */;
			buildSettings = {
				ASSETCATALOG_COMPILER_APPICON_NAME = AppIcon;
				DEVELOPMENT_TEAM = M76TPV8892;
				INFOPLIST_FILE = Currency/Info.plist;
				LD_RUNPATH_SEARCH_PATHS = "$(inherited) @executable_path/Frameworks";
				PRODUCT_BUNDLE_IDENTIFIER = tringo.coderschool.currency;
				PRODUCT_NAME = "$(TARGET_NAME)";
				SWIFT_VERSION = 3.0;
			};
			name = Debug;
		};
		EB90B43F1F57C63200521A03 /* Release */ = {
			isa = XCBuildConfiguration;
			baseConfigurationReference = C97AB159E78161236A769D8F /* Pods-Currency.release.xcconfig */;
			buildSettings = {
				ASSETCATALOG_COMPILER_APPICON_NAME = AppIcon;
				DEVELOPMENT_TEAM = M76TPV8892;
				INFOPLIST_FILE = Currency/Info.plist;
				LD_RUNPATH_SEARCH_PATHS = "$(inherited) @executable_path/Frameworks";
				PRODUCT_BUNDLE_IDENTIFIER = tringo.coderschool.currency;
				PRODUCT_NAME = "$(TARGET_NAME)";
				SWIFT_VERSION = 3.0;
			};
			name = Release;
		};
/* End XCBuildConfiguration section */

/* Begin XCConfigurationList section */
		EB90B4261F57C63200521A03 /* Build configuration list for PBXProject "Currency" */ = {
			isa = XCConfigurationList;
			buildConfigurations = (
				EB90B43B1F57C63200521A03 /* Debug */,
				EB90B43C1F57C63200521A03 /* Release */,
			);
			defaultConfigurationIsVisible = 0;
			defaultConfigurationName = Release;
		};
		EB90B43D1F57C63200521A03 /* Build configuration list for PBXNativeTarget "Currency" */ = {
			isa = XCConfigurationList;
			buildConfigurations = (
				EB90B43E1F57C63200521A03 /* Debug */,
				EB90B43F1F57C63200521A03 /* Release */,
			);
			defaultConfigurationIsVisible = 0;
			defaultConfigurationName = Release;
		};
/* End XCConfigurationList section */
	};
	rootObject = EB90B4231F57C63200521A03 /* Project object */;
}
